
Microsoft Visual Studio Solution File, Format Version 12.00
# Visual Studio 2017
Project("{FAE04EC0-301F-11D3-BF4B-00C04F79EFBC}") = "wrld", "wrld.csproj", "{4BEE8068-40A7-77A5-05DC-16A44DE7E332}"
EndProject
Project("{FAE04EC0-301F-11D3-BF4B-00C04F79EFBC}") = "wrld.Editor", "wrld.Editor.csproj", "{409891A8-3E31-A23B-6F9F-BCC191C5BF30}"
EndProject
Global
	GlobalSection(SolutionConfigurationPlatforms) = preSolution
		Debug|Any CPU = Debug|Any CPU
		Release|Any CPU = Release|Any CPU
	EndGlobalSection
	GlobalSection(ProjectConfigurationPlatforms) = postSolution
		{4BEE8068-40A7-77A5-05DC-16A44DE7E332}.Debug|Any CPU.ActiveCfg = Debug|Any CPU
		{4BEE8068-40A7-77A5-05DC-16A44DE7E332}.Debug|Any CPU.Build.0 = Debug|Any CPU
		{4BEE8068-40A7-77A5-05DC-16A44DE7E332}.Release|Any CPU.ActiveCfg = Release|Any CPU
		{4BEE8068-40A7-77A5-05DC-16A44DE7E332}.Release|Any CPU.Build.0 = Release|Any CPU
		{409891A8-3E31-A23B-6F9F-BCC191C5BF30}.Debug|Any CPU.ActiveCfg = Debug|Any CPU
		{409891A8-3E31-A23B-6F9F-BCC191C5BF30}.Debug|Any CPU.Build.0 = Debug|Any CPU
		{409891A8-3E31-A23B-6F9F-BCC191C5BF30}.Release|Any CPU.ActiveCfg = Release|Any CPU
		{409891A8-3E31-A23B-6F9F-BCC191C5BF30}.Release|Any CPU.Build.0 = Release|Any CPU
	EndGlobalSection
	GlobalSection(SolutionProperties) = preSolution
		HideSolutionNode = FALSE
	EndGlobalSection
EndGlobal
